// !$*UTF8*$!
{
	archiveVersion = 1;
	classes = {
	};
	objectVersion = 56;
	objects = {

/* Begin PBXBuildFile section */
		CC83037F2C63E0B40057FA6A /* ProfileScreen.swift in Sources */ = {isa = PBXBuildFile; fileRef = CC83037E2C63E0B40057FA6A /* ProfileScreen.swift */; };
		CC8303822C63E0D40057FA6A /* MessageScreen.swift in Sources */ = {isa = PBXBuildFile; fileRef = CC8303812C63E0D40057FA6A /* MessageScreen.swift */; };
		CC8303852C63E0ED0057FA6A /* TravelsScreen.swift in Sources */ = {isa = PBXBuildFile; fileRef = CC8303842C63E0ED0057FA6A /* TravelsScreen.swift */; };
		CC8303882C63E10B0057FA6A /* FavoriteScreen.swift in Sources */ = {isa = PBXBuildFile; fileRef = CC8303872C63E10B0057FA6A /* FavoriteScreen.swift */; };
		CC83038B2C63E1240057FA6A /* ExplorerScreen.swift in Sources */ = {isa = PBXBuildFile; fileRef = CC83038A2C63E1240057FA6A /* ExplorerScreen.swift */; };
		CCC5D09E2C6A8BEB006C6378 /* UIViewLayoutExtension.swift in Sources */ = {isa = PBXBuildFile; fileRef = CCC5D09D2C6A8BEB006C6378 /* UIViewLayoutExtension.swift */; };
		CCC7178C2C61AD0C00C22811 /* AppDelegate.swift in Sources */ = {isa = PBXBuildFile; fileRef = CCC7178B2C61AD0C00C22811 /* AppDelegate.swift */; };
		CCC7178E2C61AD0C00C22811 /* SceneDelegate.swift in Sources */ = {isa = PBXBuildFile; fileRef = CCC7178D2C61AD0C00C22811 /* SceneDelegate.swift */; };
		CCC717902C61AD0C00C22811 /* MainTabBarViewController.swift in Sources */ = {isa = PBXBuildFile; fileRef = CCC7178F2C61AD0C00C22811 /* MainTabBarViewController.swift */; };
		CCC717952C61AD0E00C22811 /* Assets.xcassets in Resources */ = {isa = PBXBuildFile; fileRef = CCC717942C61AD0E00C22811 /* Assets.xcassets */; };
		CCC717982C61AD0E00C22811 /* Base in Resources */ = {isa = PBXBuildFile; fileRef = CCC717972C61AD0E00C22811 /* Base */; };
		CCC717A12C61B04600C22811 /* ExplorerViewController.swift in Sources */ = {isa = PBXBuildFile; fileRef = CCC717A02C61B04600C22811 /* ExplorerViewController.swift */; };
		CCC717A42C61B0CE00C22811 /* FavoriteViewController.swift in Sources */ = {isa = PBXBuildFile; fileRef = CCC717A32C61B0CE00C22811 /* FavoriteViewController.swift */; };
		CCC717A72C61B11C00C22811 /* TravelsViewController.swift in Sources */ = {isa = PBXBuildFile; fileRef = CCC717A62C61B11C00C22811 /* TravelsViewController.swift */; };
		CCC717AA2C61B16500C22811 /* MessageViewController.swift in Sources */ = {isa = PBXBuildFile; fileRef = CCC717A92C61B16500C22811 /* MessageViewController.swift */; };
		CCC717AD2C61B1A600C22811 /* ProfileViewController.swift in Sources */ = {isa = PBXBuildFile; fileRef = CCC717AC2C61B1A600C22811 /* ProfileViewController.swift */; };
/* End PBXBuildFile section */

/* Begin PBXFileReference section */
		CC83037E2C63E0B40057FA6A /* ProfileScreen.swift */ = {isa = PBXFileReference; lastKnownFileType = sourcecode.swift; path = ProfileScreen.swift; sourceTree = "<group>"; };
		CC8303812C63E0D40057FA6A /* MessageScreen.swift */ = {isa = PBXFileReference; lastKnownFileType = sourcecode.swift; path = MessageScreen.swift; sourceTree = "<group>"; };
		CC8303842C63E0ED0057FA6A /* TravelsScreen.swift */ = {isa = PBXFileReference; lastKnownFileType = sourcecode.swift; path = TravelsScreen.swift; sourceTree = "<group>"; };
		CC8303872C63E10B0057FA6A /* FavoriteScreen.swift */ = {isa = PBXFileReference; lastKnownFileType = sourcecode.swift; path = FavoriteScreen.swift; sourceTree = "<group>"; };
		CC83038A2C63E1240057FA6A /* ExplorerScreen.swift */ = {isa = PBXFileReference; lastKnownFileType = sourcecode.swift; path = ExplorerScreen.swift; sourceTree = "<group>"; };
		CCC5D09D2C6A8BEB006C6378 /* UIViewLayoutExtension.swift */ = {isa = PBXFileReference; lastKnownFileType = sourcecode.swift; path = UIViewLayoutExtension.swift; sourceTree = "<group>"; };
		CCC717882C61AD0C00C22811 /* AirbnbcloneBootcampRenato.app */ = {isa = PBXFileReference; explicitFileType = wrapper.application; includeInIndex = 0; path = AirbnbcloneBootcampRenato.app; sourceTree = BUILT_PRODUCTS_DIR; };
		CCC7178B2C61AD0C00C22811 /* AppDelegate.swift */ = {isa = PBXFileReference; lastKnownFileType = sourcecode.swift; path = AppDelegate.swift; sourceTree = "<group>"; };
		CCC7178D2C61AD0C00C22811 /* SceneDelegate.swift */ = {isa = PBXFileReference; lastKnownFileType = sourcecode.swift; path = SceneDelegate.swift; sourceTree = "<group>"; };
		CCC7178F2C61AD0C00C22811 /* MainTabBarViewController.swift */ = {isa = PBXFileReference; lastKnownFileType = sourcecode.swift; path = MainTabBarViewController.swift; sourceTree = "<group>"; };
		CCC717942C61AD0E00C22811 /* Assets.xcassets */ = {isa = PBXFileReference; lastKnownFileType = folder.assetcatalog; path = Assets.xcassets; sourceTree = "<group>"; };
		CCC717972C61AD0E00C22811 /* Base */ = {isa = PBXFileReference; lastKnownFileType = file.storyboard; name = Base; path = Base.lproj/LaunchScreen.storyboard; sourceTree = "<group>"; };
		CCC717992C61AD0E00C22811 /* Info.plist */ = {isa = PBXFileReference; lastKnownFileType = text.plist.xml; path = Info.plist; sourceTree = "<group>"; };
		CCC717A02C61B04600C22811 /* ExplorerViewController.swift */ = {isa = PBXFileReference; lastKnownFileType = sourcecode.swift; path = ExplorerViewController.swift; sourceTree = "<group>"; };
		CCC717A32C61B0CE00C22811 /* FavoriteViewController.swift */ = {isa = PBXFileReference; lastKnownFileType = sourcecode.swift; path = FavoriteViewController.swift; sourceTree = "<group>"; };
		CCC717A62C61B11C00C22811 /* TravelsViewController.swift */ = {isa = PBXFileReference; lastKnownFileType = sourcecode.swift; path = TravelsViewController.swift; sourceTree = "<group>"; };
		CCC717A92C61B16500C22811 /* MessageViewController.swift */ = {isa = PBXFileReference; lastKnownFileType = sourcecode.swift; path = MessageViewController.swift; sourceTree = "<group>"; };
		CCC717AC2C61B1A600C22811 /* ProfileViewController.swift */ = {isa = PBXFileReference; lastKnownFileType = sourcecode.swift; path = ProfileViewController.swift; sourceTree = "<group>"; };
/* End PBXFileReference section */

/* Begin PBXFrameworksBuildPhase section */
		CCC717852C61AD0C00C22811 /* Frameworks */ = {
			isa = PBXFrameworksBuildPhase;
			buildActionMask = 2147483647;
			files = (
			);
			runOnlyForDeploymentPostprocessing = 0;
		};
/* End PBXFrameworksBuildPhase section */

/* Begin PBXGroup section */
		CC83037C2C63E0160057FA6A /* MainTabBarController */ = {
			isa = PBXGroup;
			children = (
				CCC7178F2C61AD0C00C22811 /* MainTabBarViewController.swift */,
			);
			path = MainTabBarController;
			sourceTree = "<group>";
		};
		CC83037D2C63E08C0057FA6A /* Screen */ = {
			isa = PBXGroup;
			children = (
				CC83037E2C63E0B40057FA6A /* ProfileScreen.swift */,
			);
			path = Screen;
			sourceTree = "<group>";
		};
		CC8303802C63E0B90057FA6A /* Screen */ = {
			isa = PBXGroup;
			children = (
				CC8303812C63E0D40057FA6A /* MessageScreen.swift */,
			);
			path = Screen;
			sourceTree = "<group>";
		};
		CC8303832C63E0D80057FA6A /* Screen */ = {
			isa = PBXGroup;
			children = (
				CC8303842C63E0ED0057FA6A /* TravelsScreen.swift */,
			);
			path = Screen;
			sourceTree = "<group>";
		};
		CC8303862C63E0F30057FA6A /* Screen */ = {
			isa = PBXGroup;
			children = (
				CC8303872C63E10B0057FA6A /* FavoriteScreen.swift */,
			);
			path = Screen;
			sourceTree = "<group>";
		};
		CC8303892C63E10F0057FA6A /* Screen */ = {
			isa = PBXGroup;
			children = (
				CC83038A2C63E1240057FA6A /* ExplorerScreen.swift */,
			);
			path = Screen;
			sourceTree = "<group>";
		};
		CCC5D09C2C6A8B72006C6378 /* Utils */ = {
			isa = PBXGroup;
			children = (
				CCC5D09D2C6A8BEB006C6378 /* UIViewLayoutExtension.swift */,
			);
			path = Utils;
			sourceTree = "<group>";
		};
		CCC7177F2C61AD0C00C22811 = {
			isa = PBXGroup;
			children = (
				CCC7178A2C61AD0C00C22811 /* AirbnbcloneBootcampRenato */,
				CCC717892C61AD0C00C22811 /* Products */,
			);
			sourceTree = "<group>";
		};
		CCC717892C61AD0C00C22811 /* Products */ = {
			isa = PBXGroup;
			children = (
				CCC717882C61AD0C00C22811 /* AirbnbcloneBootcampRenato.app */,
			);
			name = Products;
			sourceTree = "<group>";
		};
		CCC7178A2C61AD0C00C22811 /* AirbnbcloneBootcampRenato */ = {
			isa = PBXGroup;
			children = (
				CCC717AB2C61B19300C22811 /* ProfileView */,
				CCC717A82C61B14C00C22811 /* MessageView */,
				CCC717A52C61B10700C22811 /* TravelsView */,
				CCC717A22C61B0B600C22811 /* FavoriteView */,
				CCC7179F2C61B01100C22811 /* ExplorerView */,
				CC83037C2C63E0160057FA6A /* MainTabBarController */,
				CCC5D09C2C6A8B72006C6378 /* Utils */,
				CCC7178B2C61AD0C00C22811 /* AppDelegate.swift */,
				CCC7178D2C61AD0C00C22811 /* SceneDelegate.swift */,
				CCC717942C61AD0E00C22811 /* Assets.xcassets */,
				CCC717962C61AD0E00C22811 /* LaunchScreen.storyboard */,
				CCC717992C61AD0E00C22811 /* Info.plist */,
			);
			path = AirbnbcloneBootcampRenato;
			sourceTree = "<group>";
		};
		CCC7179F2C61B01100C22811 /* ExplorerView */ = {
			isa = PBXGroup;
			children = (
				CC8303892C63E10F0057FA6A /* Screen */,
				CCC717A02C61B04600C22811 /* ExplorerViewController.swift */,
			);
			path = ExplorerView;
			sourceTree = "<group>";
		};
		CCC717A22C61B0B600C22811 /* FavoriteView */ = {
			isa = PBXGroup;
			children = (
				CC8303862C63E0F30057FA6A /* Screen */,
				CCC717A32C61B0CE00C22811 /* FavoriteViewController.swift */,
			);
			path = FavoriteView;
			sourceTree = "<group>";
		};
		CCC717A52C61B10700C22811 /* TravelsView */ = {
			isa = PBXGroup;
			children = (
				CC8303832C63E0D80057FA6A /* Screen */,
				CCC717A62C61B11C00C22811 /* TravelsViewController.swift */,
			);
			path = TravelsView;
			sourceTree = "<group>";
		};
		CCC717A82C61B14C00C22811 /* MessageView */ = {
			isa = PBXGroup;
			children = (
				CC8303802C63E0B90057FA6A /* Screen */,
				CCC717A92C61B16500C22811 /* MessageViewController.swift */,
			);
			path = MessageView;
			sourceTree = "<group>";
		};
		CCC717AB2C61B19300C22811 /* ProfileView */ = {
			isa = PBXGroup;
			children = (
				CC83037D2C63E08C0057FA6A /* Screen */,
				CCC717AC2C61B1A600C22811 /* ProfileViewController.swift */,
			);
			path = ProfileView;
			sourceTree = "<group>";
		};
/* End PBXGroup section */

/* Begin PBXNativeTarget section */
		CCC717872C61AD0C00C22811 /* AirbnbcloneBootcampRenato */ = {
			isa = PBXNativeTarget;
			buildConfigurationList = CCC7179C2C61AD0E00C22811 /* Build configuration list for PBXNativeTarget "AirbnbcloneBootcampRenato" */;
			buildPhases = (
				CCC717842C61AD0C00C22811 /* Sources */,
				CCC717852C61AD0C00C22811 /* Frameworks */,
				CCC717862C61AD0C00C22811 /* Resources */,
			);
			buildRules = (
			);
			dependencies = (
			);
			name = AirbnbcloneBootcampRenato;
			productName = AirbnbcloneBootcampRenato;
			productReference = CCC717882C61AD0C00C22811 /* AirbnbcloneBootcampRenato.app */;
			productType = "com.apple.product-type.application";
		};
/* End PBXNativeTarget section */

/* Begin PBXProject section */
		CCC717802C61AD0C00C22811 /* Project object */ = {
			isa = PBXProject;
			attributes = {
				BuildIndependentTargetsInParallel = 1;
				LastSwiftUpdateCheck = 1540;
				LastUpgradeCheck = 1540;
				TargetAttributes = {
					CCC717872C61AD0C00C22811 = {
						CreatedOnToolsVersion = 15.4;
					};
				};
			};
			buildConfigurationList = CCC717832C61AD0C00C22811 /* Build configuration list for PBXProject "AirbnbcloneBootcampRenato" */;
			compatibilityVersion = "Xcode 14.0";
			developmentRegion = en;
			hasScannedForEncodings = 0;
			knownRegions = (
				en,
				Base,
			);
			mainGroup = CCC7177F2C61AD0C00C22811;
			productRefGroup = CCC717892C61AD0C00C22811 /* Products */;
			projectDirPath = "";
			projectRoot = "";
			targets = (
				CCC717872C61AD0C00C22811 /* AirbnbcloneBootcampRenato */,
			);
		};
/* End PBXProject section */

/* Begin PBXResourcesBuildPhase section */
		CCC717862C61AD0C00C22811 /* Resources */ = {
			isa = PBXResourcesBuildPhase;
			buildActionMask = 2147483647;
			files = (
				CCC717952C61AD0E00C22811 /* Assets.xcassets in Resources */,
				CCC717982C61AD0E00C22811 /* Base in Resources */,
			);
			runOnlyForDeploymentPostprocessing = 0;
		};
/* End PBXResourcesBuildPhase section */

/* Begin PBXSourcesBuildPhase section */
		CCC717842C61AD0C00C22811 /* Sources */ = {
			isa = PBXSourcesBuildPhase;
			buildActionMask = 2147483647;
			files = (
				CCC5D09E2C6A8BEB006C6378 /* UIViewLayoutExtension.swift in Sources */,
				CCC717AD2C61B1A600C22811 /* ProfileViewController.swift in Sources */,
				CCC717902C61AD0C00C22811 /* MainTabBarViewController.swift in Sources */,
				CCC717A12C61B04600C22811 /* ExplorerViewController.swift in Sources */,
				CC8303882C63E10B0057FA6A /* FavoriteScreen.swift in Sources */,
				CC83038B2C63E1240057FA6A /* ExplorerScreen.swift in Sources */,
				CCC7178C2C61AD0C00C22811 /* AppDelegate.swift in Sources */,
				CC83037F2C63E0B40057FA6A /* ProfileScreen.swift in Sources */,
				CCC717A42C61B0CE00C22811 /* FavoriteViewController.swift in Sources */,
				CCC717A72C61B11C00C22811 /* TravelsViewController.swift in Sources */,
				CC8303852C63E0ED0057FA6A /* TravelsScreen.swift in Sources */,
				CCC717AA2C61B16500C22811 /* MessageViewController.swift in Sources */,
				CCC7178E2C61AD0C00C22811 /* SceneDelegate.swift in Sources */,
				CC8303822C63E0D40057FA6A /* MessageScreen.swift in Sources */,
			);
			runOnlyForDeploymentPostprocessing = 0;
		};
/* End PBXSourcesBuildPhase section */

/* Begin PBXVariantGroup section */
		CCC717962C61AD0E00C22811 /* LaunchScreen.storyboard */ = {
			isa = PBXVariantGroup;
			children = (
				CCC717972C61AD0E00C22811 /* Base */,
			);
			name = LaunchScreen.storyboard;
			sourceTree = "<group>";
		};
/* End PBXVariantGroup section */

/* Begin XCBuildConfiguration section */
		CCC7179A2C61AD0E00C22811 /* Debug */ = {
			isa = XCBuildConfiguration;
			buildSettings = {
				ALWAYS_SEARCH_USER_PATHS = NO;
				ASSETCATALOG_COMPILER_GENERATE_SWIFT_ASSET_SYMBOL_EXTENSIONS = YES;
				CLANG_ANALYZER_NONNULL = YES;
				CLANG_ANALYZER_NUMBER_OBJECT_CONVERSION = YES_AGGRESSIVE;
				CLANG_CXX_LANGUAGE_STANDARD = "gnu++20";
				CLANG_ENABLE_MODULES = YES;
				CLANG_ENABLE_OBJC_ARC = YES;
				CLANG_ENABLE_OBJC_WEAK = YES;
				CLANG_WARN_BLOCK_CAPTURE_AUTORELEASING = YES;
				CLANG_WARN_BOOL_CONVERSION = YES;
				CLANG_WARN_COMMA = YES;
				CLANG_WARN_CONSTANT_CONVERSION = YES;
				CLANG_WARN_DEPRECATED_OBJC_IMPLEMENTATIONS = YES;
				CLANG_WARN_DIRECT_OBJC_ISA_USAGE = YES_ERROR;
				CLANG_WARN_DOCUMENTATION_COMMENTS = YES;
				CLANG_WARN_EMPTY_BODY = YES;
				CLANG_WARN_ENUM_CONVERSION = YES;
				CLANG_WARN_INFINITE_RECURSION = YES;
				CLANG_WARN_INT_CONVERSION = YES;
				CLANG_WARN_NON_LITERAL_NULL_CONVERSION = YES;
				CLANG_WARN_OBJC_IMPLICIT_RETAIN_SELF = YES;
				CLANG_WARN_OBJC_LITERAL_CONVERSION = YES;
				CLANG_WARN_OBJC_ROOT_CLASS = YES_ERROR;
				CLANG_WARN_QUOTED_INCLUDE_IN_FRAMEWORK_HEADER = YES;
				CLANG_WARN_RANGE_LOOP_ANALYSIS = YES;
				CLANG_WARN_STRICT_PROTOTYPES = YES;
				CLANG_WARN_SUSPICIOUS_MOVE = YES;
				CLANG_WARN_UNGUARDED_AVAILABILITY = YES_AGGRESSIVE;
				CLANG_WARN_UNREACHABLE_CODE = YES;
				CLANG_WARN__DUPLICATE_METHOD_MATCH = YES;
				COPY_PHASE_STRIP = NO;
				DEBUG_INFORMATION_FORMAT = dwarf;
				ENABLE_STRICT_OBJC_MSGSEND = YES;
				ENABLE_TESTABILITY = YES;
				ENABLE_USER_SCRIPT_SANDBOXING = YES;
				GCC_C_LANGUAGE_STANDARD = gnu17;
				GCC_DYNAMIC_NO_PIC = NO;
				GCC_NO_COMMON_BLOCKS = YES;
				GCC_OPTIMIZATION_LEVEL = 0;
				GCC_PREPROCESSOR_DEFINITIONS = (
					"DEBUG=1",
					"$(inherited)",
				);
				GCC_WARN_64_TO_32_BIT_CONVERSION = YES;
				GCC_WARN_ABOUT_RETURN_TYPE = YES_ERROR;
				GCC_WARN_UNDECLARED_SELECTOR = YES;
				GCC_WARN_UNINITIALIZED_AUTOS = YES_AGGRESSIVE;
				GCC_WARN_UNUSED_FUNCTION = YES;
				GCC_WARN_UNUSED_VARIABLE = YES;
				IPHONEOS_DEPLOYMENT_TARGET = 17.5;
				LOCALIZATION_PREFERS_STRING_CATALOGS = YES;
				MTL_ENABLE_DEBUG_INFO = INCLUDE_SOURCE;
				MTL_FAST_MATH = YES;
				ONLY_ACTIVE_ARCH = YES;
				SDKROOT = iphoneos;
				SWIFT_ACTIVE_COMPILATION_CONDITIONS = "DEBUG $(inherited)";
				SWIFT_OPTIMIZATION_LEVEL = "-Onone";
			};
			name = Debug;
		};
		CCC7179B2C61AD0E00C22811 /* Release */ = {
			isa = XCBuildConfiguration;
			buildSettings = {
				ALWAYS_SEARCH_USER_PATHS = NO;
				ASSETCATALOG_COMPILER_GENERATE_SWIFT_ASSET_SYMBOL_EXTENSIONS = YES;
				CLANG_ANALYZER_NONNULL = YES;
				CLANG_ANALYZER_NUMBER_OBJECT_CONVERSION = YES_AGGRESSIVE;
				CLANG_CXX_LANGUAGE_STANDARD = "gnu++20";
				CLANG_ENABLE_MODULES = YES;
				CLANG_ENABLE_OBJC_ARC = YES;
				CLANG_ENABLE_OBJC_WEAK = YES;
				CLANG_WARN_BLOCK_CAPTURE_AUTORELEASING = YES;
				CLANG_WARN_BOOL_CONVERSION = YES;
				CLANG_WARN_COMMA = YES;
				CLANG_WARN_CONSTANT_CONVERSION = YES;
				CLANG_WARN_DEPRECATED_OBJC_IMPLEMENTATIONS = YES;
				CLANG_WARN_DIRECT_OBJC_ISA_USAGE = YES_ERROR;
				CLANG_WARN_DOCUMENTATION_COMMENTS = YES;
				CLANG_WARN_EMPTY_BODY = YES;
				CLANG_WARN_ENUM_CONVERSION = YES;
				CLANG_WARN_INFINITE_RECURSION = YES;
				CLANG_WARN_INT_CONVERSION = YES;
				CLANG_WARN_NON_LITERAL_NULL_CONVERSION = YES;
				CLANG_WARN_OBJC_IMPLICIT_RETAIN_SELF = YES;
				CLANG_WARN_OBJC_LITERAL_CONVERSION = YES;
				CLANG_WARN_OBJC_ROOT_CLASS = YES_ERROR;
				CLANG_WARN_QUOTED_INCLUDE_IN_FRAMEWORK_HEADER = YES;
				CLANG_WARN_RANGE_LOOP_ANALYSIS = YES;
				CLANG_WARN_STRICT_PROTOTYPES = YES;
				CLANG_WARN_SUSPICIOUS_MOVE = YES;
				CLANG_WARN_UNGUARDED_AVAILABILITY = YES_AGGRESSIVE;
				CLANG_WARN_UNREACHABLE_CODE = YES;
				CLANG_WARN__DUPLICATE_METHOD_MATCH = YES;
				COPY_PHASE_STRIP = NO;
				DEBUG_INFORMATION_FORMAT = "dwarf-with-dsym";
				ENABLE_NS_ASSERTIONS = NO;
				ENABLE_STRICT_OBJC_MSGSEND = YES;
				ENABLE_USER_SCRIPT_SANDBOXING = YES;
				GCC_C_LANGUAGE_STANDARD = gnu17;
				GCC_NO_COMMON_BLOCKS = YES;
				GCC_WARN_64_TO_32_BIT_CONVERSION = YES;
				GCC_WARN_ABOUT_RETURN_TYPE = YES_ERROR;
				GCC_WARN_UNDECLARED_SELECTOR = YES;
				GCC_WARN_UNINITIALIZED_AUTOS = YES_AGGRESSIVE;
				GCC_WARN_UNUSED_FUNCTION = YES;
				GCC_WARN_UNUSED_VARIABLE = YES;
				IPHONEOS_DEPLOYMENT_TARGET = 17.5;
				LOCALIZATION_PREFERS_STRING_CATALOGS = YES;
				MTL_ENABLE_DEBUG_INFO = NO;
				MTL_FAST_MATH = YES;
				SDKROOT = iphoneos;
				SWIFT_COMPILATION_MODE = wholemodule;
				VALIDATE_PRODUCT = YES;
			};
			name = Release;
		};
		CCC7179D2C61AD0E00C22811 /* Debug */ = {
			isa = XCBuildConfiguration;
			buildSettings = {
				ASSETCATALOG_COMPILER_APPICON_NAME = AppIcon;
				ASSETCATALOG_COMPILER_GLOBAL_ACCENT_COLOR_NAME = AccentColor;
				CODE_SIGN_STYLE = Automatic;
				CURRENT_PROJECT_VERSION = 1;
				DEVELOPMENT_TEAM = J89XP6WQS5;
				GENERATE_INFOPLIST_FILE = YES;
				INFOPLIST_FILE = AirbnbcloneBootcampRenato/Info.plist;
				INFOPLIST_KEY_UIApplicationSupportsIndirectInputEvents = YES;
				INFOPLIST_KEY_UILaunchStoryboardName = LaunchScreen;
				INFOPLIST_KEY_UIMainStoryboardFile = "";
				INFOPLIST_KEY_UISupportedInterfaceOrientations_iPad = "UIInterfaceOrientationPortrait UIInterfaceOrientationPortraitUpsideDown UIInterfaceOrientationLandscapeLeft UIInterfaceOrientationLandscapeRight";
				INFOPLIST_KEY_UISupportedInterfaceOrientations_iPhone = "UIInterfaceOrientationPortrait UIInterfaceOrientationLandscapeLeft UIInterfaceOrientationLandscapeRight";
				LD_RUNPATH_SEARCH_PATHS = (
					"$(inherited)",
					"@executable_path/Frameworks",
				);
				MARKETING_VERSION = 1.0;
				PRODUCT_BUNDLE_IDENTIFIER = br.com.vierrra.AirbnbcloneBootcampRenato;
				PRODUCT_NAME = "$(TARGET_NAME)";
				SUPPORTED_PLATFORMS = "iphoneos iphonesimulator";
				SUPPORTS_MACCATALYST = NO;
				SUPPORTS_MAC_DESIGNED_FOR_IPHONE_IPAD = NO;
				SUPPORTS_XR_DESIGNED_FOR_IPHONE_IPAD = NO;
				SWIFT_EMIT_LOC_STRINGS = YES;
				SWIFT_VERSION = 5.0;
				TARGETED_DEVICE_FAMILY = "1,2";
			};
			name = Debug;
		};
		CCC7179E2C61AD0E00C22811 /* Release */ = {
			isa = XCBuildConfiguration;
			buildSettings = {
				ASSETCATALOG_COMPILER_APPICON_NAME = AppIcon;
				ASSETCATALOG_COMPILER_GLOBAL_ACCENT_COLOR_NAME = AccentColor;
				CODE_SIGN_STYLE = Automatic;
				CURRENT_PROJECT_VERSION = 1;
				DEVELOPMENT_TEAM = J89XP6WQS5;
				GENERATE_INFOPLIST_FILE = YES;
				INFOPLIST_FILE = AirbnbcloneBootcampRenato/Info.plist;
				INFOPLIST_KEY_UIApplicationSupportsIndirectInputEvents = YES;
				INFOPLIST_KEY_UILaunchStoryboardName = LaunchScreen;
				INFOPLIST_KEY_UIMainStoryboardFile = "";
				INFOPLIST_KEY_UISupportedInterfaceOrientations_iPad = "UIInterfaceOrientationPortrait UIInterfaceOrientationPortraitUpsideDown UIInterfaceOrientationLandscapeLeft UIInterfaceOrientationLandscapeRight";
				INFOPLIST_KEY_UISupportedInterfaceOrientations_iPhone = "UIInterfaceOrientationPortrait UIInterfaceOrientationLandscapeLeft UIInterfaceOrientationLandscapeRight";
				LD_RUNPATH_SEARCH_PATHS = (
					"$(inherited)",
					"@executable_path/Frameworks",
				);
				MARKETING_VERSION = 1.0;
				PRODUCT_BUNDLE_IDENTIFIER = br.com.vierrra.AirbnbcloneBootcampRenato;
				PRODUCT_NAME = "$(TARGET_NAME)";
				SUPPORTED_PLATFORMS = "iphoneos iphonesimulator";
				SUPPORTS_MACCATALYST = NO;
				SUPPORTS_MAC_DESIGNED_FOR_IPHONE_IPAD = NO;
				SUPPORTS_XR_DESIGNED_FOR_IPHONE_IPAD = NO;
				SWIFT_EMIT_LOC_STRINGS = YES;
				SWIFT_VERSION = 5.0;
				TARGETED_DEVICE_FAMILY = "1,2";
			};
			name = Release;
		};
/* End XCBuildConfiguration section */

/* Begin XCConfigurationList section */
		CCC717832C61AD0C00C22811 /* Build configuration list for PBXProject "AirbnbcloneBootcampRenato" */ = {
			isa = XCConfigurationList;
			buildConfigurations = (
				CCC7179A2C61AD0E00C22811 /* Debug */,
				CCC7179B2C61AD0E00C22811 /* Release */,
			);
			defaultConfigurationIsVisible = 0;
			defaultConfigurationName = Release;
		};
		CCC7179C2C61AD0E00C22811 /* Build configuration list for PBXNativeTarget "AirbnbcloneBootcampRenato" */ = {
			isa = XCConfigurationList;
			buildConfigurations = (
				CCC7179D2C61AD0E00C22811 /* Debug */,
				CCC7179E2C61AD0E00C22811 /* Release */,
			);
			defaultConfigurationIsVisible = 0;
			defaultConfigurationName = Release;
		};
/* End XCConfigurationList section */
	};
	rootObject = CCC717802C61AD0C00C22811 /* Project object */;
}
